# Generated by pub
# See https://dart.dev/tools/pub/glossary#lockfile
packages:
  _fe_analyzer_shared:
    dependency: transitive
    description:
      name: _fe_analyzer_shared
      url: "https://pub.dartlang.org"
    source: hosted
    version: "46.0.0"
  analyzer:
    dependency: transitive
    description:
      name: analyzer
      url: "https://pub.dartlang.org"
    source: hosted
    version: "4.6.0"
  archive:
    dependency: transitive
    description:
      name: archive
      url: "https://pub.dartlang.org"
    source: hosted
    version: "3.3.0"
  args:
    dependency: transitive
    description:
      name: args
      url: "https://pub.dartlang.org"
    source: hosted
    version: "2.3.1"
  async:
    dependency: transitive
    description:
      name: async
      url: "https://pub.dartlang.org"
    source: hosted
    version: "2.9.0"
  boolean_selector:
    dependency: transitive
    description:
      name: boolean_selector
      url: "https://pub.dartlang.org"
    source: hosted
    version: "2.1.0"
  characters:
    dependency: transitive
    description:
      name: characters
      url: "https://pub.dartlang.org"
    source: hosted
    version: "1.2.1"
  cli_dialog:
    dependency: transitive
    description:
      name: cli_dialog
      url: "https://pub.dartlang.org"
    source: hosted
    version: "0.5.0"
  cli_util:
    dependency: transitive
    description:
      name: cli_util
      url: "https://pub.dartlang.org"
    source: hosted
    version: "0.3.5"
  clock:
    dependency: transitive
    description:
      name: clock
      url: "https://pub.dartlang.org"
    source: hosted
    version: "1.1.1"
  collection:
    dependency: transitive
    description:
      name: collection
      url: "https://pub.dartlang.org"
    source: hosted
    version: "1.16.0"
  convert:
    dependency: transitive
    description:
      name: convert
      url: "https://pub.dartlang.org"
    source: hosted
    version: "3.0.2"
  coverage:
    dependency: transitive
    description:
      name: coverage
      url: "https://pub.dartlang.org"
    source: hosted
    version: "1.5.0"
  cross_file:
    dependency: transitive
    description:
      name: cross_file
      url: "https://pub.dartlang.org"
    source: hosted
    version: "0.3.3+1"
  crypto:
    dependency: transitive
    description:
      name: crypto
      url: "https://pub.dartlang.org"
    source: hosted
    version: "3.0.2"
  cupertino_icons:
    dependency: "direct main"
    description:
      name: cupertino_icons
      url: "https://pub.dartlang.org"
    source: hosted
    version: "1.0.5"
  dart_console:
    dependency: transitive
    description:
      name: dart_console
      url: "https://pub.dartlang.org"
    source: hosted
    version: "1.1.2"
  dart_jsonwebtoken:
    dependency: "direct dev"
    description:
      name: dart_jsonwebtoken
      url: "https://pub.dartlang.org"
    source: hosted
    version: "2.4.2"
  dart_webrtc:
    dependency: transitive
    description:
      name: dart_webrtc
      url: "https://pub.dartlang.org"
    source: hosted
    version: "1.0.7"
  desktop_drop:
    dependency: "direct main"
    description:
      name: desktop_drop
      url: "https://pub.dartlang.org"
    source: hosted
    version: "0.3.3"
  device_info_plus:
    dependency: "direct main"
    description:
      name: device_info_plus
      url: "https://pub.dartlang.org"
    source: hosted
    version: "4.1.2"
  device_info_plus_linux:
    dependency: transitive
    description:
      name: device_info_plus_linux
      url: "https://pub.dartlang.org"
    source: hosted
    version: "3.0.0"
  device_info_plus_macos:
    dependency: transitive
    description:
      name: device_info_plus_macos
      url: "https://pub.dartlang.org"
    source: hosted
    version: "3.0.0"
  device_info_plus_platform_interface:
    dependency: transitive
    description:
      name: device_info_plus_platform_interface
      url: "https://pub.dartlang.org"
    source: hosted
    version: "3.0.0"
  device_info_plus_web:
    dependency: transitive
    description:
      name: device_info_plus_web
      url: "https://pub.dartlang.org"
    source: hosted
    version: "3.0.0"
  device_info_plus_windows:
    dependency: transitive
    description:
      name: device_info_plus_windows
      url: "https://pub.dartlang.org"
    source: hosted
    version: "4.0.0"
  fake_async:
    dependency: transitive
    description:
      name: fake_async
      url: "https://pub.dartlang.org"
    source: hosted
    version: "1.3.1"
  ffi:
    dependency: transitive
    description:
      name: ffi
      url: "https://pub.dartlang.org"
    source: hosted
    version: "2.0.1"
  file:
    dependency: transitive
    description:
      name: file
      url: "https://pub.dartlang.org"
    source: hosted
    version: "6.1.2"
  file_picker:
    dependency: "direct main"
    description:
      name: file_picker
      url: "https://pub.dartlang.org"
    source: hosted
    version: "5.0.1"
  firedart:
    dependency: "direct main"
    description:
      path: "."
      ref: patch-1
      resolved-ref: eba2501de84368785595480cda00e28c0667d9e0
      url: "https://github.com/erikhellq/firedart"
    source: git
    version: "0.9.0+1"
  fixnum:
    dependency: transitive
    description:
      name: fixnum
      url: "https://pub.dartlang.org"
    source: hosted
    version: "1.0.1"
  flutter:
    dependency: "direct main"
    description: flutter
    source: sdk
    version: "0.0.0"
  flutter_driver:
    dependency: transitive
    description: flutter
    source: sdk
    version: "0.0.0"
  flutter_lints:
    dependency: "direct dev"
    description:
      name: flutter_lints
      url: "https://pub.dartlang.org"
    source: hosted
    version: "2.0.1"
  flutter_plugin_android_lifecycle:
    dependency: transitive
    description:
      name: flutter_plugin_android_lifecycle
      url: "https://pub.dartlang.org"
    source: hosted
    version: "2.0.7"
  flutter_riverpod:
    dependency: "direct main"
    description:
      name: flutter_riverpod
      url: "https://pub.dartlang.org"
    source: hosted
    version: "1.0.4"
  flutter_test:
    dependency: "direct dev"
    description: flutter
    source: sdk
    version: "0.0.0"
  flutter_web_plugins:
    dependency: transitive
    description: flutter
    source: sdk
    version: "0.0.0"
  flutter_webrtc:
    dependency: "direct main"
    description:
      name: flutter_webrtc
      url: "https://pub.dartlang.org"
    source: hosted
    version: "0.9.1"
  frontend_server_client:
    dependency: transitive
    description:
      name: frontend_server_client
      url: "https://pub.dartlang.org"
    source: hosted
    version: "2.1.3"
  fuchsia_remote_debug_protocol:
    dependency: transitive
    description: flutter
    source: sdk
    version: "0.0.0"
  get_it:
    dependency: transitive
    description:
      name: get_it
      url: "https://pub.dartlang.org"
    source: hosted
    version: "7.2.0"
  glob:
    dependency: transitive
    description:
      name: glob
      url: "https://pub.dartlang.org"
    source: hosted
    version: "2.1.0"
  googleapis_auth:
    dependency: transitive
    description:
      name: googleapis_auth
      url: "https://pub.dartlang.org"
    source: hosted
    version: "1.3.1"
  grpc:
    dependency: "direct main"
    description:
      name: grpc
      url: "https://pub.dartlang.org"
    source: hosted
    version: "3.0.2"
  http:
    dependency: "direct main"
    description:
      name: http
      url: "https://pub.dartlang.org"
    source: hosted
    version: "0.13.5"
  http2:
    dependency: transitive
    description:
      name: http2
      url: "https://pub.dartlang.org"
    source: hosted
    version: "2.0.0"
  http_multi_server:
    dependency: transitive
    description:
      name: http_multi_server
      url: "https://pub.dartlang.org"
    source: hosted
    version: "3.2.1"
  http_parser:
    dependency: transitive
    description:
      name: http_parser
      url: "https://pub.dartlang.org"
    source: hosted
    version: "4.0.1"
  icons_launcher:
    dependency: "direct main"
    description:
      name: icons_launcher
      url: "https://pub.dartlang.org"
    source: hosted
    version: "2.0.4"
  image:
    dependency: transitive
    description:
      name: image
      url: "https://pub.dartlang.org"
    source: hosted
    version: "3.2.0"
  integration_test:
    dependency: "direct dev"
    description: flutter
    source: sdk
    version: "0.0.0"
  intl:
    dependency: transitive
    description:
      name: intl
      url: "https://pub.dartlang.org"
    source: hosted
    version: "0.17.0"
  io:
    dependency: transitive
    description:
      name: io
      url: "https://pub.dartlang.org"
    source: hosted
    version: "1.0.3"
  js:
    dependency: transitive
    description:
      name: js
      url: "https://pub.dartlang.org"
    source: hosted
    version: "0.6.4"
  lints:
    dependency: transitive
    description:
      name: lints
      url: "https://pub.dartlang.org"
    source: hosted
    version: "2.0.0"
  logging:
    dependency: transitive
    description:
      name: logging
      url: "https://pub.dartlang.org"
    source: hosted
    version: "1.0.2"
  matcher:
    dependency: transitive
    description:
      name: matcher
      url: "https://pub.dartlang.org"
    source: hosted
    version: "0.12.12"
  material_color_utilities:
    dependency: transitive
    description:
      name: material_color_utilities
      url: "https://pub.dartlang.org"
    source: hosted
    version: "0.1.5"
  menu_base:
    dependency: transitive
    description:
      name: menu_base
      url: "https://pub.dartlang.org"
    source: hosted
    version: "0.1.1"
  meta:
    dependency: transitive
    description:
      name: meta
      url: "https://pub.dartlang.org"
    source: hosted
    version: "1.8.0"
  mime:
    dependency: "direct main"
    description:
      name: mime
      url: "https://pub.dartlang.org"
    source: hosted
    version: "1.0.2"
  mixpanel_analytics:
    dependency: "direct main"
    description:
      name: mixpanel_analytics
      url: "https://pub.dartlang.org"
    source: hosted
    version: "2.1.1"
  msix:
    dependency: "direct dev"
    description:
      name: msix
      url: "https://pub.dartlang.org"
    source: hosted
    version: "3.6.3"
  node_preamble:
    dependency: transitive
    description:
      name: node_preamble
      url: "https://pub.dartlang.org"
    source: hosted
    version: "2.0.1"
  package_config:
    dependency: transitive
    description:
      name: package_config
      url: "https://pub.dartlang.org"
    source: hosted
    version: "2.1.0"
  package_info_plus:
    dependency: "direct main"
    description:
      name: package_info_plus
      url: "https://pub.dartlang.org"
    source: hosted
    version: "1.4.3+1"
  package_info_plus_linux:
    dependency: transitive
    description:
      name: package_info_plus_linux
      url: "https://pub.dartlang.org"
    source: hosted
    version: "1.0.5"
  package_info_plus_macos:
    dependency: transitive
    description:
      name: package_info_plus_macos
      url: "https://pub.dartlang.org"
    source: hosted
    version: "1.3.0"
  package_info_plus_platform_interface:
    dependency: transitive
    description:
      name: package_info_plus_platform_interface
      url: "https://pub.dartlang.org"
    source: hosted
    version: "1.0.2"
  package_info_plus_web:
    dependency: transitive
    description:
      name: package_info_plus_web
      url: "https://pub.dartlang.org"
    source: hosted
    version: "1.0.5"
  package_info_plus_windows:
    dependency: transitive
    description:
      name: package_info_plus_windows
      url: "https://pub.dartlang.org"
    source: hosted
    version: "2.0.0"
  path:
    dependency: transitive
    description:
      name: path
      url: "https://pub.dartlang.org"
    source: hosted
    version: "1.8.2"
  path_provider:
    dependency: "direct main"
    description:
      name: path_provider
      url: "https://pub.dartlang.org"
    source: hosted
    version: "2.0.11"
  path_provider_android:
    dependency: transitive
    description:
      name: path_provider_android
      url: "https://pub.dartlang.org"
    source: hosted
    version: "2.0.20"
  path_provider_ios:
    dependency: transitive
    description:
      name: path_provider_ios
      url: "https://pub.dartlang.org"
    source: hosted
    version: "2.0.11"
  path_provider_linux:
    dependency: transitive
    description:
      name: path_provider_linux
      url: "https://pub.dartlang.org"
    source: hosted
    version: "2.1.7"
  path_provider_macos:
    dependency: transitive
    description:
      name: path_provider_macos
      url: "https://pub.dartlang.org"
    source: hosted
    version: "2.0.6"
  path_provider_platform_interface:
    dependency: transitive
    description:
      name: path_provider_platform_interface
      url: "https://pub.dartlang.org"
    source: hosted
    version: "2.0.4"
  path_provider_windows:
    dependency: transitive
    description:
      name: path_provider_windows
      url: "https://pub.dartlang.org"
    source: hosted
    version: "2.1.2"
  petitparser:
    dependency: transitive
    description:
      name: petitparser
      url: "https://pub.dartlang.org"
    source: hosted
    version: "5.0.0"
  platform:
    dependency: transitive
    description:
      name: platform
      url: "https://pub.dartlang.org"
    source: hosted
    version: "3.1.0"
  plugin_platform_interface:
    dependency: transitive
    description:
      name: plugin_platform_interface
      url: "https://pub.dartlang.org"
    source: hosted
    version: "2.1.2"
  pointycastle:
    dependency: transitive
    description:
      name: pointycastle
      url: "https://pub.dartlang.org"
    source: hosted
    version: "3.6.1"
  pool:
    dependency: transitive
    description:
      name: pool
      url: "https://pub.dartlang.org"
    source: hosted
    version: "1.5.1"
  process:
    dependency: transitive
    description:
      name: process
      url: "https://pub.dartlang.org"
    source: hosted
    version: "4.2.4"
  protobuf:
    dependency: transitive
    description:
      name: protobuf
      url: "https://pub.dartlang.org"
    source: hosted
    version: "2.1.0"
  pub_semver:
    dependency: transitive
    description:
      name: pub_semver
      url: "https://pub.dartlang.org"
    source: hosted
    version: "2.1.1"
  quick_look:
    dependency: "direct main"
    description:
      name: quick_look
      url: "https://pub.dartlang.org"
    source: hosted
    version: "0.0.4"
  receive_sharing_intent:
    dependency: "direct main"
    description:
      name: receive_sharing_intent
      url: "https://pub.dartlang.org"
    source: hosted
    version: "1.4.5"
  riverpod:
    dependency: transitive
    description:
      name: riverpod
      url: "https://pub.dartlang.org"
    source: hosted
    version: "1.0.3"
  screen_retriever:
    dependency: transitive
    description:
      name: screen_retriever
      url: "https://pub.dartlang.org"
    source: hosted
    version: "0.1.2"
  sentry:
    dependency: transitive
    description:
      name: sentry
      url: "https://pub.dartlang.org"
    source: hosted
    version: "6.9.1"
  sentry_flutter:
    dependency: "direct main"
    description:
      name: sentry_flutter
      url: "https://pub.dartlang.org"
    source: hosted
    version: "6.9.1"
  share_plus:
    dependency: "direct main"
    description:
      name: share_plus
      url: "https://pub.dartlang.org"
    source: hosted
    version: "4.0.10+1"
  share_plus_linux:
    dependency: transitive
    description:
      name: share_plus_linux
      url: "https://pub.dartlang.org"
    source: hosted
    version: "3.0.0"
  share_plus_macos:
    dependency: transitive
    description:
      name: share_plus_macos
      url: "https://pub.dartlang.org"
    source: hosted
    version: "3.0.1"
  share_plus_platform_interface:
    dependency: transitive
    description:
      name: share_plus_platform_interface
      url: "https://pub.dartlang.org"
    source: hosted
    version: "3.0.3"
  share_plus_web:
    dependency: transitive
    description:
      name: share_plus_web
      url: "https://pub.dartlang.org"
    source: hosted
    version: "3.0.1"
  share_plus_windows:
    dependency: transitive
    description:
      name: share_plus_windows
      url: "https://pub.dartlang.org"
    source: hosted
    version: "3.0.1"
  shared_preferences:
    dependency: "direct main"
    description:
      name: shared_preferences
      url: "https://pub.dartlang.org"
    source: hosted
    version: "2.0.15"
  shared_preferences_android:
    dependency: transitive
    description:
      name: shared_preferences_android
      url: "https://pub.dartlang.org"
    source: hosted
    version: "2.0.12"
  shared_preferences_ios:
    dependency: transitive
    description:
      name: shared_preferences_ios
      url: "https://pub.dartlang.org"
    source: hosted
    version: "2.1.1"
  shared_preferences_linux:
    dependency: transitive
    description:
      name: shared_preferences_linux
      url: "https://pub.dartlang.org"
    source: hosted
    version: "2.1.1"
  shared_preferences_macos:
    dependency: transitive
    description:
      name: shared_preferences_macos
      url: "https://pub.dartlang.org"
    source: hosted
    version: "2.0.4"
  shared_preferences_platform_interface:
    dependency: transitive
    description:
      name: shared_preferences_platform_interface
      url: "https://pub.dartlang.org"
    source: hosted
    version: "2.1.0"
  shared_preferences_web:
    dependency: transitive
    description:
      name: shared_preferences_web
      url: "https://pub.dartlang.org"
    source: hosted
    version: "2.0.4"
  shared_preferences_windows:
    dependency: transitive
    description:
      name: shared_preferences_windows
      url: "https://pub.dartlang.org"
    source: hosted
    version: "2.1.1"
  shelf:
    dependency: transitive
    description:
      name: shelf
      url: "https://pub.dartlang.org"
    source: hosted
    version: "1.3.2"
  shelf_packages_handler:
    dependency: transitive
    description:
      name: shelf_packages_handler
      url: "https://pub.dartlang.org"
    source: hosted
    version: "3.0.1"
  shelf_static:
    dependency: transitive
    description:
      name: shelf_static
      url: "https://pub.dartlang.org"
    source: hosted
    version: "1.1.1"
  shelf_web_socket:
    dependency: transitive
    description:
      name: shelf_web_socket
      url: "https://pub.dartlang.org"
    source: hosted
    version: "1.0.2"
  shortid:
    dependency: transitive
    description:
      name: shortid
      url: "https://pub.dartlang.org"
    source: hosted
    version: "0.1.2"
  simple_peer:
    dependency: "direct main"
    description:
      name: simple_peer
      url: "https://pub.dartlang.org"
    source: hosted
    version: "0.0.10"
  sky_engine:
    dependency: transitive
    description: flutter
    source: sdk
    version: "0.0.99"
  source_map_stack_trace:
    dependency: transitive
    description:
      name: source_map_stack_trace
      url: "https://pub.dartlang.org"
    source: hosted
    version: "2.1.0"
  source_maps:
    dependency: transitive
    description:
      name: source_maps
      url: "https://pub.dartlang.org"
    source: hosted
    version: "0.10.10"
  source_span:
    dependency: transitive
    description:
      name: source_span
      url: "https://pub.dartlang.org"
    source: hosted
    version: "1.9.0"
  stack_trace:
    dependency: transitive
    description:
      name: stack_trace
      url: "https://pub.dartlang.org"
    source: hosted
    version: "1.10.0"
  state_notifier:
    dependency: transitive
    description:
      name: state_notifier
      url: "https://pub.dartlang.org"
    source: hosted
    version: "0.7.2+1"
  stream_channel:
    dependency: transitive
    description:
      name: stream_channel
      url: "https://pub.dartlang.org"
    source: hosted
    version: "2.1.0"
  string_scanner:
    dependency: transitive
    description:
      name: string_scanner
      url: "https://pub.dartlang.org"
    source: hosted
    version: "1.1.1"
  sync_http:
    dependency: transitive
    description:
      name: sync_http
      url: "https://pub.dartlang.org"
    source: hosted
    version: "0.3.1"
  term_glyph:
    dependency: transitive
    description:
      name: term_glyph
      url: "https://pub.dartlang.org"
    source: hosted
    version: "1.2.1"
  test:
    dependency: "direct dev"
    description:
      name: test
      url: "https://pub.dartlang.org"
    source: hosted
    version: "1.21.4"
  test_api:
    dependency: transitive
    description:
      name: test_api
      url: "https://pub.dartlang.org"
    source: hosted
    version: "0.4.12"
  test_core:
    dependency: transitive
    description:
      name: test_core
      url: "https://pub.dartlang.org"
    source: hosted
    version: "0.4.16"
  tray_manager:
    dependency: "direct main"
    description:
      name: tray_manager
      url: "https://pub.dartlang.org"
    source: hosted
    version: "0.1.9"
  typed_data:
    dependency: transitive
    description:
      name: typed_data
      url: "https://pub.dartlang.org"
    source: hosted
    version: "1.3.1"
  universal_io:
    dependency: transitive
    description:
      name: universal_io
      url: "https://pub.dartlang.org"
    source: hosted
    version: "2.0.4"
  url_launcher:
    dependency: "direct main"
    description:
      name: url_launcher
      url: "https://pub.dartlang.org"
    source: hosted
    version: "6.1.5"
  url_launcher_android:
    dependency: transitive
    description:
      name: url_launcher_android
      url: "https://pub.dartlang.org"
    source: hosted
    version: "6.0.17"
  url_launcher_ios:
    dependency: transitive
    description:
      name: url_launcher_ios
      url: "https://pub.dartlang.org"
    source: hosted
    version: "6.0.17"
  url_launcher_linux:
    dependency: transitive
    description:
      name: url_launcher_linux
      url: "https://pub.dartlang.org"
    source: hosted
    version: "3.0.1"
  url_launcher_macos:
    dependency: transitive
    description:
      name: url_launcher_macos
      url: "https://pub.dartlang.org"
    source: hosted
    version: "3.0.1"
  url_launcher_platform_interface:
    dependency: transitive
    description:
      name: url_launcher_platform_interface
      url: "https://pub.dartlang.org"
    source: hosted
    version: "2.1.0"
  url_launcher_web:
    dependency: transitive
    description:
      name: url_launcher_web
      url: "https://pub.dartlang.org"
    source: hosted
    version: "2.0.13"
  url_launcher_windows:
    dependency: transitive
    description:
      name: url_launcher_windows
      url: "https://pub.dartlang.org"
    source: hosted
    version: "3.0.1"
  uuid:
    dependency: transitive
    description:
      name: uuid
      url: "https://pub.dartlang.org"
    source: hosted
    version: "3.0.6"
  vector_math:
    dependency: transitive
    description:
      name: vector_math
      url: "https://pub.dartlang.org"
    source: hosted
    version: "2.1.2"
  vm_service:
    dependency: transitive
    description:
      name: vm_service
      url: "https://pub.dartlang.org"
    source: hosted
    version: "9.0.0"
  wakelock:
    dependency: "direct main"
    description:
      name: wakelock
      url: "https://pub.dartlang.org"
    source: hosted
    version: "0.6.2"
  wakelock_macos:
    dependency: transitive
    description:
      name: wakelock_macos
      url: "https://pub.dartlang.org"
    source: hosted
    version: "0.4.0"
  wakelock_platform_interface:
    dependency: transitive
    description:
      name: wakelock_platform_interface
      url: "https://pub.dartlang.org"
    source: hosted
    version: "0.3.0"
  wakelock_web:
    dependency: transitive
    description:
      name: wakelock_web
      url: "https://pub.dartlang.org"
    source: hosted
    version: "0.4.0"
  wakelock_windows:
    dependency: transitive
    description:
      name: wakelock_windows
      url: "https://pub.dartlang.org"
    source: hosted
    version: "0.2.0"
  watcher:
    dependency: transitive
    description:
      name: watcher
      url: "https://pub.dartlang.org"
    source: hosted
    version: "1.0.1"
  web_socket_channel:
    dependency: transitive
    description:
      name: web_socket_channel
      url: "https://pub.dartlang.org"
    source: hosted
    version: "2.2.0"
  webdriver:
    dependency: transitive
    description:
      name: webdriver
      url: "https://pub.dartlang.org"
    source: hosted
    version: "3.0.0"
  webkit_inspection_protocol:
    dependency: transitive
    description:
      name: webkit_inspection_protocol
      url: "https://pub.dartlang.org"
    source: hosted
    version: "1.1.0"
  webrtc_interface:
    dependency: transitive
    description:
      name: webrtc_interface
      url: "https://pub.dartlang.org"
    source: hosted
    version: "1.0.7"
  win32:
    dependency: transitive
    description:
      name: win32
      url: "https://pub.dartlang.org"
    source: hosted
    version: "2.7.0"
  window_manager:
    dependency: "direct main"
    description:
      name: window_manager
      url: "https://pub.dartlang.org"
    source: hosted
    version: "0.2.7"
  xdg_directories:
    dependency: transitive
    description:
      name: xdg_directories
      url: "https://pub.dartlang.org"
    source: hosted
    version: "0.2.0+2"
  xml:
    dependency: transitive
    description:
      name: xml
      url: "https://pub.dartlang.org"
    source: hosted
    version: "6.1.0"
  yaml:
    dependency: transitive
    description:
      name: yaml
      url: "https://pub.dartlang.org"
    source: hosted
    version: "3.1.1"
sdks:
  dart: ">=2.17.6 <3.0.0"
  flutter: ">=3.0.0"
